
Microsoft Visual Studio Solution File, Format Version 12.00
# Visual Studio Version 17
VisualStudioVersion = 17.4.33110.190
MinimumVisualStudioVersion = 10.0.40219.1
Project("{FAE04EC0-301F-11D3-BF4B-00C04F79EFBC}") = "ConsumosViagem", "ConsumosViagem\ConsumosViagem.csproj", "{7B4ACE27-F74D-473B-B3B5-CEB50A1D5F88}"
EndProject
Global
	GlobalSection(SolutionConfigurationPlatforms) = preSolution
		Debug|Any CPU = Debug|Any CPU
		Release|Any CPU = Release|Any CPU
	EndGlobalSection
	GlobalSection(ProjectConfigurationPlatforms) = postSolution
		{7B4ACE27-F74D-473B-B3B5-CEB50A1D5F88}.Debug|Any CPU.ActiveCfg = Debug|Any CPU
		{7B4ACE27-F74D-473B-B3B5-CEB50A1D5F88}.Debug|Any CPU.Build.0 = Debug|Any CPU
		{7B4ACE27-F74D-473B-B3B5-CEB50A1D5F88}.Release|Any CPU.ActiveCfg = Release|Any CPU
		{7B4ACE27-F74D-473B-B3B5-CEB50A1D5F88}.Release|Any CPU.Build.0 = Release|Any CPU
	EndGlobalSection
	GlobalSection(SolutionProperties) = preSolution
		HideSolutionNode = FALSE
	EndGlobalSection
	GlobalSection(ExtensibilityGlobals) = postSolution
		SolutionGuid = {B7C0951C-F0D2-41CA-8C35-D422853BAF94}
	EndGlobalSection
EndGlobal
