
Microsoft Visual Studio Solution File, Format Version 12.00
# Visual Studio Version 17
VisualStudioVersion = 17.3.32929.385
MinimumVisualStudioVersion = 10.0.40219.1
Project("{F184B08F-C81C-45F6-A57F-5ABD9991F28F}") = "app_gestao_banco", "app_gestao_banco\app_gestao_banco.vbproj", "{F495836F-1FE0-47E9-AB2C-6017FCF2DE43}"
EndProject
Global
	GlobalSection(SolutionConfigurationPlatforms) = preSolution
		Debug|Any CPU = Debug|Any CPU
		Release|Any CPU = Release|Any CPU
	EndGlobalSection
	GlobalSection(ProjectConfigurationPlatforms) = postSolution
		{F495836F-1FE0-47E9-AB2C-6017FCF2DE43}.Debug|Any CPU.ActiveCfg = Debug|Any CPU
		{F495836F-1FE0-47E9-AB2C-6017FCF2DE43}.Debug|Any CPU.Build.0 = Debug|Any CPU
		{F495836F-1FE0-47E9-AB2C-6017FCF2DE43}.Release|Any CPU.ActiveCfg = Release|Any CPU
		{F495836F-1FE0-47E9-AB2C-6017FCF2DE43}.Release|Any CPU.Build.0 = Release|Any CPU
	EndGlobalSection
	GlobalSection(SolutionProperties) = preSolution
		HideSolutionNode = FALSE
	EndGlobalSection
	GlobalSection(ExtensibilityGlobals) = postSolution
		SolutionGuid = {12737C41-60C3-4D6E-80DC-77BBC385CE2A}
	EndGlobalSection
EndGlobal
